
Microsoft Visual Studio Solution File, Format Version 12.00
# Visual Studio Version 17
VisualStudioVersion = 17.7.34221.43
MinimumVisualStudioVersion = 10.0.40219.1
Project("{FAE04EC0-301F-11D3-BF4B-00C04F79EFBC}") = "Ratatula Server", "Ratatula Server\Ratatula Server.csproj", "{65DBD1E1-91D6-4CF7-B079-A3ACF1DC5B89}"
EndProject
Global
	GlobalSection(SolutionConfigurationPlatforms) = preSolution
		Debug|Any CPU = Debug|Any CPU
		Release|Any CPU = Release|Any CPU
	EndGlobalSection
	GlobalSection(ProjectConfigurationPlatforms) = postSolution
		{65DBD1E1-91D6-4CF7-B079-A3ACF1DC5B89}.Debug|Any CPU.ActiveCfg = Debug|Any CPU
		{65DBD1E1-91D6-4CF7-B079-A3ACF1DC5B89}.Debug|Any CPU.Build.0 = Debug|Any CPU
		{65DBD1E1-91D6-4CF7-B079-A3ACF1DC5B89}.Release|Any CPU.ActiveCfg = Release|Any CPU
		{65DBD1E1-91D6-4CF7-B079-A3ACF1DC5B89}.Release|Any CPU.Build.0 = Release|Any CPU
	EndGlobalSection
	GlobalSection(SolutionProperties) = preSolution
		HideSolutionNode = FALSE
	EndGlobalSection
	GlobalSection(ExtensibilityGlobals) = postSolution
		SolutionGuid = {639E2060-01B7-4FCE-95A7-4CF44F385166}
	EndGlobalSection
EndGlobal
