
Microsoft Visual Studio Solution File, Format Version 12.00
# Visual Studio Version 17
VisualStudioVersion = 17.9.34728.123
MinimumVisualStudioVersion = 10.0.40219.1
Project("{FAE04EC0-301F-11D3-BF4B-00C04F79EFBC}") = "MesaCliente", "MesaCliente\MesaCliente.csproj", "{671004B0-D4BE-48A2-9234-C21F31656305}"
EndProject
Global
	GlobalSection(SolutionConfigurationPlatforms) = preSolution
		Debug|Any CPU = Debug|Any CPU
		Release|Any CPU = Release|Any CPU
	EndGlobalSection
	GlobalSection(ProjectConfigurationPlatforms) = postSolution
		{671004B0-D4BE-48A2-9234-C21F31656305}.Debug|Any CPU.ActiveCfg = Debug|Any CPU
		{671004B0-D4BE-48A2-9234-C21F31656305}.Debug|Any CPU.Build.0 = Debug|Any CPU
		{671004B0-D4BE-48A2-9234-C21F31656305}.Release|Any CPU.ActiveCfg = Release|Any CPU
		{671004B0-D4BE-48A2-9234-C21F31656305}.Release|Any CPU.Build.0 = Release|Any CPU
	EndGlobalSection
	GlobalSection(SolutionProperties) = preSolution
		HideSolutionNode = FALSE
	EndGlobalSection
	GlobalSection(ExtensibilityGlobals) = postSolution
		SolutionGuid = {91A916A2-FCAF-44AD-B5B0-C8BA130BAAF7}
	EndGlobalSection
EndGlobal
